
Microsoft Visual Studio Solution File, Format Version 12.00
# Visual Studio 2013
VisualStudioVersion = 12.0.21005.1
MinimumVisualStudioVersion = 10.0.40219.1
Project("{FAE04EC0-301F-11D3-BF4B-00C04F79EFBC}") = "LF2.IDE", "LF2.IDE\LF2.IDE.csproj", "{A89A480F-BED8-4268-AF8A-99D8CAC146CC}"
EndProject
Global
	GlobalSection(SolutionConfigurationPlatforms) = preSolution
		Debug|Any CPU = Debug|Any CPU
		Debug|x64 = Debug|x64
		Debug|x86 = Debug|x86
		Lite_Debug|Any CPU = Lite_Debug|Any CPU
		Lite_Debug|x64 = Lite_Debug|x64
		Lite_Debug|x86 = Lite_Debug|x86
		Lite_Release|Any CPU = Lite_Release|Any CPU
		Lite_Release|x64 = Lite_Release|x64
		Lite_Release|x86 = Lite_Release|x86
		Release|Any CPU = Release|Any CPU
		Release|x64 = Release|x64
		Release|x86 = Release|x86
	EndGlobalSection
	GlobalSection(ProjectConfigurationPlatforms) = postSolution
		{A89A480F-BED8-4268-AF8A-99D8CAC146CC}.Debug|Any CPU.ActiveCfg = Debug|Any CPU
		{A89A480F-BED8-4268-AF8A-99D8CAC146CC}.Debug|Any CPU.Build.0 = Debug|Any CPU
		{A89A480F-BED8-4268-AF8A-99D8CAC146CC}.Debug|x64.ActiveCfg = Debug|x64
		{A89A480F-BED8-4268-AF8A-99D8CAC146CC}.Debug|x64.Build.0 = Debug|x64
		{A89A480F-BED8-4268-AF8A-99D8CAC146CC}.Debug|x86.ActiveCfg = Debug|x86
		{A89A480F-BED8-4268-AF8A-99D8CAC146CC}.Debug|x86.Build.0 = Debug|x86
		{A89A480F-BED8-4268-AF8A-99D8CAC146CC}.Lite_Debug|Any CPU.ActiveCfg = Lite_Debug|Any CPU
		{A89A480F-BED8-4268-AF8A-99D8CAC146CC}.Lite_Debug|Any CPU.Build.0 = Lite_Debug|Any CPU
		{A89A480F-BED8-4268-AF8A-99D8CAC146CC}.Lite_Debug|x64.ActiveCfg = Lite_Debug|x64
		{A89A480F-BED8-4268-AF8A-99D8CAC146CC}.Lite_Debug|x64.Build.0 = Lite_Debug|x64
		{A89A480F-BED8-4268-AF8A-99D8CAC146CC}.Lite_Debug|x86.ActiveCfg = Lite_Debug|x86
		{A89A480F-BED8-4268-AF8A-99D8CAC146CC}.Lite_Debug|x86.Build.0 = Lite_Debug|x86
		{A89A480F-BED8-4268-AF8A-99D8CAC146CC}.Lite_Release|Any CPU.ActiveCfg = Lite_Release|Any CPU
		{A89A480F-BED8-4268-AF8A-99D8CAC146CC}.Lite_Release|Any CPU.Build.0 = Lite_Release|Any CPU
		{A89A480F-BED8-4268-AF8A-99D8CAC146CC}.Lite_Release|x64.ActiveCfg = Lite_Release|x64
		{A89A480F-BED8-4268-AF8A-99D8CAC146CC}.Lite_Release|x64.Build.0 = Lite_Release|x64
		{A89A480F-BED8-4268-AF8A-99D8CAC146CC}.Lite_Release|x86.ActiveCfg = Lite_Release|x86
		{A89A480F-BED8-4268-AF8A-99D8CAC146CC}.Lite_Release|x86.Build.0 = Lite_Release|x86
		{A89A480F-BED8-4268-AF8A-99D8CAC146CC}.Release|Any CPU.ActiveCfg = Release|Any CPU
		{A89A480F-BED8-4268-AF8A-99D8CAC146CC}.Release|Any CPU.Build.0 = Release|Any CPU
		{A89A480F-BED8-4268-AF8A-99D8CAC146CC}.Release|x64.ActiveCfg = Release|x64
		{A89A480F-BED8-4268-AF8A-99D8CAC146CC}.Release|x64.Build.0 = Release|x64
		{A89A480F-BED8-4268-AF8A-99D8CAC146CC}.Release|x86.ActiveCfg = Release|x86
		{A89A480F-BED8-4268-AF8A-99D8CAC146CC}.Release|x86.Build.0 = Release|x86
	EndGlobalSection
	GlobalSection(SolutionProperties) = preSolution
		HideSolutionNode = FALSE
	EndGlobalSection
EndGlobal
